// !$*UTF8*$!
{
	archiveVersion = 1;
	classes = {
	};
	objectVersion = 46;
	objects = {

/* Begin PBXBuildFile section */
		D3B45ADA1F020CFF00248CE1 /* AppDelegate.swift in Sources */ = {isa = PBXBuildFile; fileRef = D3B45AD91F020CFF00248CE1 /* AppDelegate.swift */; };
		D3B45ADC1F020CFF00248CE1 /* ViewController.swift in Sources */ = {isa = PBXBuildFile; fileRef = D3B45ADB1F020CFF00248CE1 /* ViewController.swift */; };
		D3B45ADF1F020CFF00248CE1 /* Main.storyboard in Resources */ = {isa = PBXBuildFile; fileRef = D3B45ADD1F020CFF00248CE1 /* Main.storyboard */; };
		D3B45AE11F020CFF00248CE1 /* Assets.xcassets in Resources */ = {isa = PBXBuildFile; fileRef = D3B45AE01F020CFF00248CE1 /* Assets.xcassets */; };
		D3B45AE41F020CFF00248CE1 /* LaunchScreen.storyboard in Resources */ = {isa = PBXBuildFile; fileRef = D3B45AE21F020CFF00248CE1 /* LaunchScreen.storyboard */; };
		D3B45AEF1F020D0000248CE1 /* CoreImageTestTests.swift in Sources */ = {isa = PBXBuildFile; fileRef = D3B45AEE1F020D0000248CE1 /* CoreImageTestTests.swift */; };
		D3B45AFA1F020D0000248CE1 /* CoreImageTestUITests.swift in Sources */ = {isa = PBXBuildFile; fileRef = D3B45AF91F020D0000248CE1 /* CoreImageTestUITests.swift */; };
/* End PBXBuildFile section */

/* Begin PBXContainerItemProxy section */
		D3B45AEB1F020D0000248CE1 /* PBXContainerItemProxy */ = {
			isa = PBXContainerItemProxy;
			containerPortal = D3B45ACE1F020CFF00248CE1 /* Project object */;
			proxyType = 1;
			remoteGlobalIDString = D3B45AD51F020CFF00248CE1;
			remoteInfo = CoreImageTest;
		};
		D3B45AF61F020D0000248CE1 /* PBXContainerItemProxy */ = {
			isa = PBXContainerItemProxy;
			containerPortal = D3B45ACE1F020CFF00248CE1 /* Project object */;
			proxyType = 1;
			remoteGlobalIDString = D3B45AD51F020CFF00248CE1;
			remoteInfo = CoreImageTest;
		};
/* End PBXContainerItemProxy section */

/* Begin PBXFileReference section */
		D3B45AD61F020CFF00248CE1 /* CoreImageTest.app */ = {isa = PBXFileReference; explicitFileType = wrapper.application; includeInIndex = 0; path = CoreImageTest.app; sourceTree = BUILT_PRODUCTS_DIR; };
		D3B45AD91F020CFF00248CE1 /* AppDelegate.swift */ = {isa = PBXFileReference; lastKnownFileType = sourcecode.swift; path = AppDelegate.swift; sourceTree = "<group>"; };
		D3B45ADB1F020CFF00248CE1 /* ViewController.swift */ = {isa = PBXFileReference; lastKnownFileType = sourcecode.swift; path = ViewController.swift; sourceTree = "<group>"; };
		D3B45ADE1F020CFF00248CE1 /* Base */ = {isa = PBXFileReference; lastKnownFileType = file.storyboard; name = Base; path = Base.lproj/Main.storyboard; sourceTree = "<group>"; };
		D3B45AE01F020CFF00248CE1 /* Assets.xcassets */ = {isa = PBXFileReference; lastKnownFileType = folder.assetcatalog; path = Assets.xcassets; sourceTree = "<group>"; };
		D3B45AE31F020CFF00248CE1 /* Base */ = {isa = PBXFileReference; lastKnownFileType = file.storyboard; name = Base; path = Base.lproj/LaunchScreen.storyboard; sourceTree = "<group>"; };
		D3B45AE51F020D0000248CE1 /* Info.plist */ = {isa = PBXFileReference; lastKnownFileType = text.plist.xml; path = Info.plist; sourceTree = "<group>"; };
		D3B45AEA1F020D0000248CE1 /* CoreImageTestTests.xctest */ = {isa = PBXFileReference; explicitFileType = wrapper.cfbundle; includeInIndex = 0; path = CoreImageTestTests.xctest; sourceTree = BUILT_PRODUCTS_DIR; };
		D3B45AEE1F020D0000248CE1 /* CoreImageTestTests.swift */ = {isa = PBXFileReference; lastKnownFileType = sourcecode.swift; path = CoreImageTestTests.swift; sourceTree = "<group>"; };
		D3B45AF01F020D0000248CE1 /* Info.plist */ = {isa = PBXFileReference; lastKnownFileType = text.plist.xml; path = Info.plist; sourceTree = "<group>"; };
		D3B45AF51F020D0000248CE1 /* CoreImageTestUITests.xctest */ = {isa = PBXFileReference; explicitFileType = wrapper.cfbundle; includeInIndex = 0; path = CoreImageTestUITests.xctest; sourceTree = BUILT_PRODUCTS_DIR; };
		D3B45AF91F020D0000248CE1 /* CoreImageTestUITests.swift */ = {isa = PBXFileReference; lastKnownFileType = sourcecode.swift; path = CoreImageTestUITests.swift; sourceTree = "<group>"; };
		D3B45AFB1F020D0000248CE1 /* Info.plist */ = {isa = PBXFileReference; lastKnownFileType = text.plist.xml; path = Info.plist; sourceTree = "<group>"; };
/* End PBXFileReference section */

/* Begin PBXFrameworksBuildPhase section */
		D3B45AD31F020CFF00248CE1 /* Frameworks */ = {
			isa = PBXFrameworksBuildPhase;
			buildActionMask = 2147483647;
			files = (
			);
			runOnlyForDeploymentPostprocessing = 0;
		};
		D3B45AE71F020D0000248CE1 /* Frameworks */ = {
			isa = PBXFrameworksBuildPhase;
			buildActionMask = 2147483647;
			files = (
			);
			runOnlyForDeploymentPostprocessing = 0;
		};
		D3B45AF21F020D0000248CE1 /* Frameworks */ = {
			isa = PBXFrameworksBuildPhase;
			buildActionMask = 2147483647;
			files = (
			);
			runOnlyForDeploymentPostprocessing = 0;
		};
/* End PBXFrameworksBuildPhase section */

/* Begin PBXGroup section */
		D3B45ACD1F020CFF00248CE1 = {
			isa = PBXGroup;
			children = (
				D3B45AD81F020CFF00248CE1 /* CoreImageTest */,
				D3B45AED1F020D0000248CE1 /* CoreImageTestTests */,
				D3B45AF81F020D0000248CE1 /* CoreImageTestUITests */,
				D3B45AD71F020CFF00248CE1 /* Products */,
			);
			sourceTree = "<group>";
		};
		D3B45AD71F020CFF00248CE1 /* Products */ = {
			isa = PBXGroup;
			children = (
				D3B45AD61F020CFF00248CE1 /* CoreImageTest.app */,
				D3B45AEA1F020D0000248CE1 /* CoreImageTestTests.xctest */,
				D3B45AF51F020D0000248CE1 /* CoreImageTestUITests.xctest */,
			);
			name = Products;
			sourceTree = "<group>";
		};
		D3B45AD81F020CFF00248CE1 /* CoreImageTest */ = {
			isa = PBXGroup;
			children = (
				D3B45AD91F020CFF00248CE1 /* AppDelegate.swift */,
				D3B45ADB1F020CFF00248CE1 /* ViewController.swift */,
				D3B45ADD1F020CFF00248CE1 /* Main.storyboard */,
				D3B45AE01F020CFF00248CE1 /* Assets.xcassets */,
				D3B45AE21F020CFF00248CE1 /* LaunchScreen.storyboard */,
				D3B45AE51F020D0000248CE1 /* Info.plist */,
			);
			path = CoreImageTest;
			sourceTree = "<group>";
		};
		D3B45AED1F020D0000248CE1 /* CoreImageTestTests */ = {
			isa = PBXGroup;
			children = (
				D3B45AEE1F020D0000248CE1 /* CoreImageTestTests.swift */,
				D3B45AF01F020D0000248CE1 /* Info.plist */,
			);
			path = CoreImageTestTests;
			sourceTree = "<group>";
		};
		D3B45AF81F020D0000248CE1 /* CoreImageTestUITests */ = {
			isa = PBXGroup;
			children = (
				D3B45AF91F020D0000248CE1 /* CoreImageTestUITests.swift */,
				D3B45AFB1F020D0000248CE1 /* Info.plist */,
			);
			path = CoreImageTestUITests;
			sourceTree = "<group>";
		};
/* End PBXGroup section */

/* Begin PBXNativeTarget section */
		D3B45AD51F020CFF00248CE1 /* CoreImageTest */ = {
			isa = PBXNativeTarget;
			buildConfigurationList = D3B45AFE1F020D0000248CE1 /* Build configuration list for PBXNativeTarget "CoreImageTest" */;
			buildPhases = (
				D3B45AD21F020CFF00248CE1 /* Sources */,
				D3B45AD31F020CFF00248CE1 /* Frameworks */,
				D3B45AD41F020CFF00248CE1 /* Resources */,
			);
			buildRules = (
			);
			dependencies = (
			);
			name = CoreImageTest;
			productName = CoreImageTest;
			productReference = D3B45AD61F020CFF00248CE1 /* CoreImageTest.app */;
			productType = "com.apple.product-type.application";
		};
		D3B45AE91F020D0000248CE1 /* CoreImageTestTests */ = {
			isa = PBXNativeTarget;
			buildConfigurationList = D3B45B011F020D0000248CE1 /* Build configuration list for PBXNativeTarget "CoreImageTestTests" */;
			buildPhases = (
				D3B45AE61F020D0000248CE1 /* Sources */,
				D3B45AE71F020D0000248CE1 /* Frameworks */,
				D3B45AE81F020D0000248CE1 /* Resources */,
			);
			buildRules = (
			);
			dependencies = (
				D3B45AEC1F020D0000248CE1 /* PBXTargetDependency */,
			);
			name = CoreImageTestTests;
			productName = CoreImageTestTests;
			productReference = D3B45AEA1F020D0000248CE1 /* CoreImageTestTests.xctest */;
			productType = "com.apple.product-type.bundle.unit-test";
		};
		D3B45AF41F020D0000248CE1 /* CoreImageTestUITests */ = {
			isa = PBXNativeTarget;
			buildConfigurationList = D3B45B041F020D0000248CE1 /* Build configuration list for PBXNativeTarget "CoreImageTestUITests" */;
			buildPhases = (
				D3B45AF11F020D0000248CE1 /* Sources */,
				D3B45AF21F020D0000248CE1 /* Frameworks */,
				D3B45AF31F020D0000248CE1 /* Resources */,
			);
			buildRules = (
			);
			dependencies = (
				D3B45AF71F020D0000248CE1 /* PBXTargetDependency */,
			);
			name = CoreImageTestUITests;
			productName = CoreImageTestUITests;
			productReference = D3B45AF51F020D0000248CE1 /* CoreImageTestUITests.xctest */;
			productType = "com.apple.product-type.bundle.ui-testing";
		};
/* End PBXNativeTarget section */

/* Begin PBXProject section */
		D3B45ACE1F020CFF00248CE1 /* Project object */ = {
			isa = PBXProject;
			attributes = {
				LastSwiftUpdateCheck = 0830;
				LastUpgradeCheck = 0830;
				ORGANIZATIONNAME = "Bevis Chen";
				TargetAttributes = {
					D3B45AD51F020CFF00248CE1 = {
						CreatedOnToolsVersion = 8.3.3;
						DevelopmentTeam = N4B8NP363E;
						ProvisioningStyle = Automatic;
					};
					D3B45AE91F020D0000248CE1 = {
						CreatedOnToolsVersion = 8.3.3;
						DevelopmentTeam = N4B8NP363E;
						ProvisioningStyle = Automatic;
						TestTargetID = D3B45AD51F020CFF00248CE1;
					};
					D3B45AF41F020D0000248CE1 = {
						CreatedOnToolsVersion = 8.3.3;
						DevelopmentTeam = N4B8NP363E;
						ProvisioningStyle = Automatic;
						TestTargetID = D3B45AD51F020CFF00248CE1;
					};
				};
			};
			buildConfigurationList = D3B45AD11F020CFF00248CE1 /* Build configuration list for PBXProject "CoreImageTest" */;
			compatibilityVersion = "Xcode 3.2";
			developmentRegion = English;
			hasScannedForEncodings = 0;
			knownRegions = (
				en,
				Base,
			);
			mainGroup = D3B45ACD1F020CFF00248CE1;
			productRefGroup = D3B45AD71F020CFF00248CE1 /* Products */;
			projectDirPath = "";
			projectRoot = "";
			targets = (
				D3B45AD51F020CFF00248CE1 /* CoreImageTest */,
				D3B45AE91F020D0000248CE1 /* CoreImageTestTests */,
				D3B45AF41F020D0000248CE1 /* CoreImageTestUITests */,
			);
		};
/* End PBXProject section */

/* Begin PBXResourcesBuildPhase section */
		D3B45AD41F020CFF00248CE1 /* Resources */ = {
			isa = PBXResourcesBuildPhase;
			buildActionMask = 2147483647;
			files = (
				D3B45AE41F020CFF00248CE1 /* LaunchScreen.storyboard in Resources */,
				D3B45AE11F020CFF00248CE1 /* Assets.xcassets in Resources */,
				D3B45ADF1F020CFF00248CE1 /* Main.storyboard in Resources */,
			);
			runOnlyForDeploymentPostprocessing = 0;
		};
		D3B45AE81F020D0000248CE1 /* Resources */ = {
			isa = PBXResourcesBuildPhase;
			buildActionMask = 2147483647;
			files = (
			);
			runOnlyForDeploymentPostprocessing = 0;
		};
		D3B45AF31F020D0000248CE1 /* Resources */ = {
			isa = PBXResourcesBuildPhase;
			buildActionMask = 2147483647;
			files = (
			);
			runOnlyForDeploymentPostprocessing = 0;
		};
/* End PBXResourcesBuildPhase section */

/* Begin PBXSourcesBuildPhase section */
		D3B45AD21F020CFF00248CE1 /* Sources */ = {
			isa = PBXSourcesBuildPhase;
			buildActionMask = 2147483647;
			files = (
				D3B45ADC1F020CFF00248CE1 /* ViewController.swift in Sources */,
				D3B45ADA1F020CFF00248CE1 /* AppDelegate.swift in Sources */,
			);
			runOnlyForDeploymentPostprocessing = 0;
		};
		D3B45AE61F020D0000248CE1 /* Sources */ = {
			isa = PBXSourcesBuildPhase;
			buildActionMask = 2147483647;
			files = (
				D3B45AEF1F020D0000248CE1 /* CoreImageTestTests.swift in Sources */,
			);
			runOnlyForDeploymentPostprocessing = 0;
		};
		D3B45AF11F020D0000248CE1 /* Sources */ = {
			isa = PBXSourcesBuildPhase;
			buildActionMask = 2147483647;
			files = (
				D3B45AFA1F020D0000248CE1 /* CoreImageTestUITests.swift in Sources */,
			);
			runOnlyForDeploymentPostprocessing = 0;
		};
/* End PBXSourcesBuildPhase section */

/* Begin PBXTargetDependency section */
		D3B45AEC1F020D0000248CE1 /* PBXTargetDependency */ = {
			isa = PBXTargetDependency;
			target = D3B45AD51F020CFF00248CE1 /* CoreImageTest */;
			targetProxy = D3B45AEB1F020D0000248CE1 /* PBXContainerItemProxy */;
		};
		D3B45AF71F020D0000248CE1 /* PBXTargetDependency */ = {
			isa = PBXTargetDependency;
			target = D3B45AD51F020CFF00248CE1 /* CoreImageTest */;
			targetProxy = D3B45AF61F020D0000248CE1 /* PBXContainerItemProxy */;
		};
/* End PBXTargetDependency section */

/* Begin PBXVariantGroup section */
		D3B45ADD1F020CFF00248CE1 /* Main.storyboard */ = {
			isa = PBXVariantGroup;
			children = (
				D3B45ADE1F020CFF00248CE1 /* Base */,
			);
			name = Main.storyboard;
			sourceTree = "<group>";
		};
		D3B45AE21F020CFF00248CE1 /* LaunchScreen.storyboard */ = {
			isa = PBXVariantGroup;
			children = (
				D3B45AE31F020CFF00248CE1 /* Base */,
			);
			name = LaunchScreen.storyboard;
			sourceTree = "<group>";
		};
/* End PBXVariantGroup section */

/* Begin XCBuildConfiguration section */
		D3B45AFC1F020D0000248CE1 /* Debug */ = {
			isa = XCBuildConfiguration;
			buildSettings = {
				ALWAYS_SEARCH_USER_PATHS = NO;
				CLANG_ANALYZER_NONNULL = YES;
				CLANG_ANALYZER_NUMBER_OBJECT_CONVERSION = YES_AGGRESSIVE;
				CLANG_CXX_LANGUAGE_STANDARD = "gnu++0x";
				CLANG_CXX_LIBRARY = "libc++";
				CLANG_ENABLE_MODULES = YES;
				CLANG_ENABLE_OBJC_ARC = YES;
				CLANG_WARN_BOOL_CONVERSION = YES;
				CLANG_WARN_CONSTANT_CONVERSION = YES;
				CLANG_WARN_DIRECT_OBJC_ISA_USAGE = YES_ERROR;
				CLANG_WARN_DOCUMENTATION_COMMENTS = YES;
				CLANG_WARN_EMPTY_BODY = YES;
				CLANG_WARN_ENUM_CONVERSION = YES;
				CLANG_WARN_INFINITE_RECURSION = YES;
				CLANG_WARN_INT_CONVERSION = YES;
				CLANG_WARN_OBJC_ROOT_CLASS = YES_ERROR;
				CLANG_WARN_SUSPICIOUS_MOVE = YES;
				CLANG_WARN_UNREACHABLE_CODE = YES;
				CLANG_WARN__DUPLICATE_METHOD_MATCH = YES;
				"CODE_SIGN_IDENTITY[sdk=iphoneos*]" = "iPhone Developer";
				COPY_PHASE_STRIP = NO;
				DEBUG_INFORMATION_FORMAT = dwarf;
				ENABLE_STRICT_OBJC_MSGSEND = YES;
				ENABLE_TESTABILITY = YES;
				GCC_C_LANGUAGE_STANDARD = gnu99;
				GCC_DYNAMIC_NO_PIC = NO;
				GCC_NO_COMMON_BLOCKS = YES;
				GCC_OPTIMIZATION_LEVEL = 0;
				GCC_PREPROCESSOR_DEFINITIONS = (
					"DEBUG=1",
					"$(inherited)",
				);
				GCC_WARN_64_TO_32_BIT_CONVERSION = YES;
				GCC_WARN_ABOUT_RETURN_TYPE = YES_ERROR;
				GCC_WARN_UNDECLARED_SELECTOR = YES;
				GCC_WARN_UNINITIALIZED_AUTOS = YES_AGGRESSIVE;
				GCC_WARN_UNUSED_FUNCTION = YES;
				GCC_WARN_UNUSED_VARIABLE = YES;
				IPHONEOS_DEPLOYMENT_TARGET = 10.3;
				MTL_ENABLE_DEBUG_INFO = YES;
				ONLY_ACTIVE_ARCH = YES;
				SDKROOT = iphoneos;
				SWIFT_ACTIVE_COMPILATION_CONDITIONS = DEBUG;
				SWIFT_OPTIMIZATION_LEVEL = "-Onone";
				TARGETED_DEVICE_FAMILY = "1,2";
			};
			name = Debug;
		};
		D3B45AFD1F020D0000248CE1 /* Release */ = {
			isa = XCBuildConfiguration;
			buildSettings = {
				ALWAYS_SEARCH_USER_PATHS = NO;
				CLANG_ANALYZER_NONNULL = YES;
				CLANG_ANALYZER_NUMBER_OBJECT_CONVERSION = YES_AGGRESSIVE;
				CLANG_CXX_LANGUAGE_STANDARD = "gnu++0x";
				CLANG_CXX_LIBRARY = "libc++";
				CLANG_ENABLE_MODULES = YES;
				CLANG_ENABLE_OBJC_ARC = YES;
				CLANG_WARN_BOOL_CONVERSION = YES;
				CLANG_WARN_CONSTANT_CONVERSION = YES;
				CLANG_WARN_DIRECT_OBJC_ISA_USAGE = YES_ERROR;
				CLANG_WARN_DOCUMENTATION_COMMENTS = YES;
				CLANG_WARN_EMPTY_BODY = YES;
				CLANG_WARN_ENUM_CONVERSION = YES;
				CLANG_WARN_INFINITE_RECURSION = YES;
				CLANG_WARN_INT_CONVERSION = YES;
				CLANG_WARN_OBJC_ROOT_CLASS = YES_ERROR;
				CLANG_WARN_SUSPICIOUS_MOVE = YES;
				CLANG_WARN_UNREACHABLE_CODE = YES;
				CLANG_WARN__DUPLICATE_METHOD_MATCH = YES;
				"CODE_SIGN_IDENTITY[sdk=iphoneos*]" = "iPhone Developer";
				COPY_PHASE_STRIP = NO;
				DEBUG_INFORMATION_FORMAT = "dwarf-with-dsym";
				ENABLE_NS_ASSERTIONS = NO;
				ENABLE_STRICT_OBJC_MSGSEND = YES;
				GCC_C_LANGUAGE_STANDARD = gnu99;
				GCC_NO_COMMON_BLOCKS = YES;
				GCC_WARN_64_TO_32_BIT_CONVERSION = YES;
				GCC_WARN_ABOUT_RETURN_TYPE = YES_ERROR;
				GCC_WARN_UNDECLARED_SELECTOR = YES;
				GCC_WARN_UNINITIALIZED_AUTOS = YES_AGGRESSIVE;
				GCC_WARN_UNUSED_FUNCTION = YES;
				GCC_WARN_UNUSED_VARIABLE = YES;
				IPHONEOS_DEPLOYMENT_TARGET = 10.3;
				MTL_ENABLE_DEBUG_INFO = NO;
				SDKROOT = iphoneos;
				SWIFT_OPTIMIZATION_LEVEL = "-Owholemodule";
				TARGETED_DEVICE_FAMILY = "1,2";
				VALIDATE_PRODUCT = YES;
			};
			name = Release;
		};
		D3B45AFF1F020D0000248CE1 /* Debug */ = {
			isa = XCBuildConfiguration;
			buildSettings = {
				ASSETCATALOG_COMPILER_APPICON_NAME = AppIcon;
				DEVELOPMENT_TEAM = N4B8NP363E;
				INFOPLIST_FILE = CoreImageTest/Info.plist;
				LD_RUNPATH_SEARCH_PATHS = "$(inherited) @executable_path/Frameworks";
				PRODUCT_BUNDLE_IDENTIFIER = com.bevisproject.CoreImageTest;
				PRODUCT_NAME = "$(TARGET_NAME)";
				SWIFT_VERSION = 3.0;
			};
			name = Debug;
		};
		D3B45B001F020D0000248CE1 /* Release */ = {
			isa = XCBuildConfiguration;
			buildSettings = {
				ASSETCATALOG_COMPILER_APPICON_NAME = AppIcon;
				DEVELOPMENT_TEAM = N4B8NP363E;
				INFOPLIST_FILE = CoreImageTest/Info.plist;
				LD_RUNPATH_SEARCH_PATHS = "$(inherited) @executable_path/Frameworks";
				PRODUCT_BUNDLE_IDENTIFIER = com.bevisproject.CoreImageTest;
				PRODUCT_NAME = "$(TARGET_NAME)";
				SWIFT_VERSION = 3.0;
			};
			name = Release;
		};
		D3B45B021F020D0000248CE1 /* Debug */ = {
			isa = XCBuildConfiguration;
			buildSettings = {
				ALWAYS_EMBED_SWIFT_STANDARD_LIBRARIES = YES;
				BUNDLE_LOADER = "$(TEST_HOST)";
				DEVELOPMENT_TEAM = N4B8NP363E;
				INFOPLIST_FILE = CoreImageTestTests/Info.plist;
				LD_RUNPATH_SEARCH_PATHS = "$(inherited) @executable_path/Frameworks @loader_path/Frameworks";
				PRODUCT_BUNDLE_IDENTIFIER = com.bevisproject.CoreImageTestTests;
				PRODUCT_NAME = "$(TARGET_NAME)";
				SWIFT_VERSION = 3.0;
				TEST_HOST = "$(BUILT_PRODUCTS_DIR)/CoreImageTest.app/CoreImageTest";
			};
			name = Debug;
		};
		D3B45B031F020D0000248CE1 /* Release */ = {
			isa = XCBuildConfiguration;
			buildSettings = {
				ALWAYS_EMBED_SWIFT_STANDARD_LIBRARIES = YES;
				BUNDLE_LOADER = "$(TEST_HOST)";
				DEVELOPMENT_TEAM = N4B8NP363E;
				INFOPLIST_FILE = CoreImageTestTests/Info.plist;
				LD_RUNPATH_SEARCH_PATHS = "$(inherited) @executable_path/Frameworks @loader_path/Frameworks";
				PRODUCT_BUNDLE_IDENTIFIER = com.bevisproject.CoreImageTestTests;
				PRODUCT_NAME = "$(TARGET_NAME)";
				SWIFT_VERSION = 3.0;
				TEST_HOST = "$(BUILT_PRODUCTS_DIR)/CoreImageTest.app/CoreImageTest";
			};
			name = Release;
		};
		D3B45B051F020D0000248CE1 /* Debug */ = {
			isa = XCBuildConfiguration;
			buildSettings = {
				ALWAYS_EMBED_SWIFT_STANDARD_LIBRARIES = YES;
				DEVELOPMENT_TEAM = N4B8NP363E;
				INFOPLIST_FILE = CoreImageTestUITests/Info.plist;
				LD_RUNPATH_SEARCH_PATHS = "$(inherited) @executable_path/Frameworks @loader_path/Frameworks";
				PRODUCT_BUNDLE_IDENTIFIER = com.bevisproject.CoreImageTestUITests;
				PRODUCT_NAME = "$(TARGET_NAME)";
				SWIFT_VERSION = 3.0;
				TEST_TARGET_NAME = CoreImageTest;
			};
			name = Debug;
		};
		D3B45B061F020D0000248CE1 /* Release */ = {
			isa = XCBuildConfiguration;
			buildSettings = {
				ALWAYS_EMBED_SWIFT_STANDARD_LIBRARIES = YES;
				DEVELOPMENT_TEAM = N4B8NP363E;
				INFOPLIST_FILE = CoreImageTestUITests/Info.plist;
				LD_RUNPATH_SEARCH_PATHS = "$(inherited) @executable_path/Frameworks @loader_path/Frameworks";
				PRODUCT_BUNDLE_IDENTIFIER = com.bevisproject.CoreImageTestUITests;
				PRODUCT_NAME = "$(TARGET_NAME)";
				SWIFT_VERSION = 3.0;
				TEST_TARGET_NAME = CoreImageTest;
			};
			name = Release;
		};
/* End XCBuildConfiguration section */

/* Begin XCConfigurationList section */
		D3B45AD11F020CFF00248CE1 /* Build configuration list for PBXProject "CoreImageTest" */ = {
			isa = XCConfigurationList;
			buildConfigurations = (
				D3B45AFC1F020D0000248CE1 /* Debug */,
				D3B45AFD1F020D0000248CE1 /* Release */,
			);
			defaultConfigurationIsVisible = 0;
			defaultConfigurationName = Release;
		};
		D3B45AFE1F020D0000248CE1 /* Build configuration list for PBXNativeTarget "CoreImageTest" */ = {
			isa = XCConfigurationList;
			buildConfigurations = (
				D3B45AFF1F020D0000248CE1 /* Debug */,
				D3B45B001F020D0000248CE1 /* Release */,
			);
			defaultConfigurationIsVisible = 0;
		};
		D3B45B011F020D0000248CE1 /* Build configuration list for PBXNativeTarget "CoreImageTestTests" */ = {
			isa = XCConfigurationList;
			buildConfigurations = (
				D3B45B021F020D0000248CE1 /* Debug */,
				D3B45B031F020D0000248CE1 /* Release */,
			);
			defaultConfigurationIsVisible = 0;
		};
		D3B45B041F020D0000248CE1 /* Build configuration list for PBXNativeTarget "CoreImageTestUITests" */ = {
			isa = XCConfigurationList;
			buildConfigurations = (
				D3B45B051F020D0000248CE1 /* Debug */,
				D3B45B061F020D0000248CE1 /* Release */,
			);
			defaultConfigurationIsVisible = 0;
		};
/* End XCConfigurationList section */
	};
	rootObject = D3B45ACE1F020CFF00248CE1 /* Project object */;
}
