// !$*UTF8*$!
{
	archiveVersion = 1;
	classes = {
	};
	objectVersion = 46;
	objects = {

/* Begin PBXBuildFile section */
		D3BE06101DED237000D169D4 /* AppDelegate.swift in Sources */ = {isa = PBXBuildFile; fileRef = D3BE060F1DED237000D169D4 /* AppDelegate.swift */; };
		D3BE06121DED237000D169D4 /* ViewController.swift in Sources */ = {isa = PBXBuildFile; fileRef = D3BE06111DED237000D169D4 /* ViewController.swift */; };
		D3BE06151DED237000D169D4 /* Main.storyboard in Resources */ = {isa = PBXBuildFile; fileRef = D3BE06131DED237000D169D4 /* Main.storyboard */; };
		D3BE06171DED237000D169D4 /* Assets.xcassets in Resources */ = {isa = PBXBuildFile; fileRef = D3BE06161DED237000D169D4 /* Assets.xcassets */; };
		D3BE061A1DED237000D169D4 /* LaunchScreen.storyboard in Resources */ = {isa = PBXBuildFile; fileRef = D3BE06181DED237000D169D4 /* LaunchScreen.storyboard */; };
		D3BE06221DED247400D169D4 /* PhotoCollectionViewCell.swift in Sources */ = {isa = PBXBuildFile; fileRef = D3BE06211DED247400D169D4 /* PhotoCollectionViewCell.swift */; };
		D3BE06241DED251E00D169D4 /* CustomCollectionViewFlowLayout.swift in Sources */ = {isa = PBXBuildFile; fileRef = D3BE06231DED251E00D169D4 /* CustomCollectionViewFlowLayout.swift */; };
/* End PBXBuildFile section */

/* Begin PBXFileReference section */
		D3BE060C1DED237000D169D4 /* CollectionViewAnimation.app */ = {isa = PBXFileReference; explicitFileType = wrapper.application; includeInIndex = 0; path = CollectionViewAnimation.app; sourceTree = BUILT_PRODUCTS_DIR; };
		D3BE060F1DED237000D169D4 /* AppDelegate.swift */ = {isa = PBXFileReference; lastKnownFileType = sourcecode.swift; path = AppDelegate.swift; sourceTree = "<group>"; };
		D3BE06111DED237000D169D4 /* ViewController.swift */ = {isa = PBXFileReference; lastKnownFileType = sourcecode.swift; path = ViewController.swift; sourceTree = "<group>"; };
		D3BE06141DED237000D169D4 /* Base */ = {isa = PBXFileReference; lastKnownFileType = file.storyboard; name = Base; path = Base.lproj/Main.storyboard; sourceTree = "<group>"; };
		D3BE06161DED237000D169D4 /* Assets.xcassets */ = {isa = PBXFileReference; lastKnownFileType = folder.assetcatalog; path = Assets.xcassets; sourceTree = "<group>"; };
		D3BE06191DED237000D169D4 /* Base */ = {isa = PBXFileReference; lastKnownFileType = file.storyboard; name = Base; path = Base.lproj/LaunchScreen.storyboard; sourceTree = "<group>"; };
		D3BE061B1DED237000D169D4 /* Info.plist */ = {isa = PBXFileReference; lastKnownFileType = text.plist.xml; path = Info.plist; sourceTree = "<group>"; };
		D3BE06211DED247400D169D4 /* PhotoCollectionViewCell.swift */ = {isa = PBXFileReference; fileEncoding = 4; lastKnownFileType = sourcecode.swift; path = PhotoCollectionViewCell.swift; sourceTree = "<group>"; };
		D3BE06231DED251E00D169D4 /* CustomCollectionViewFlowLayout.swift */ = {isa = PBXFileReference; fileEncoding = 4; lastKnownFileType = sourcecode.swift; path = CustomCollectionViewFlowLayout.swift; sourceTree = "<group>"; };
/* End PBXFileReference section */

/* Begin PBXFrameworksBuildPhase section */
		D3BE06091DED237000D169D4 /* Frameworks */ = {
			isa = PBXFrameworksBuildPhase;
			buildActionMask = 2147483647;
			files = (
			);
			runOnlyForDeploymentPostprocessing = 0;
		};
/* End PBXFrameworksBuildPhase section */

/* Begin PBXGroup section */
		D3BE06031DED237000D169D4 = {
			isa = PBXGroup;
			children = (
				D3BE060E1DED237000D169D4 /* CollectionViewAnimation */,
				D3BE060D1DED237000D169D4 /* Products */,
			);
			sourceTree = "<group>";
		};
		D3BE060D1DED237000D169D4 /* Products */ = {
			isa = PBXGroup;
			children = (
				D3BE060C1DED237000D169D4 /* CollectionViewAnimation.app */,
			);
			name = Products;
			sourceTree = "<group>";
		};
		D3BE060E1DED237000D169D4 /* CollectionViewAnimation */ = {
			isa = PBXGroup;
			children = (
				D3BE060F1DED237000D169D4 /* AppDelegate.swift */,
				D3BE06111DED237000D169D4 /* ViewController.swift */,
				D3BE06131DED237000D169D4 /* Main.storyboard */,
				D3BE06231DED251E00D169D4 /* CustomCollectionViewFlowLayout.swift */,
				D3BE06211DED247400D169D4 /* PhotoCollectionViewCell.swift */,
				D3BE06161DED237000D169D4 /* Assets.xcassets */,
				D3BE06181DED237000D169D4 /* LaunchScreen.storyboard */,
				D3BE061B1DED237000D169D4 /* Info.plist */,
			);
			path = CollectionViewAnimation;
			sourceTree = "<group>";
		};
/* End PBXGroup section */

/* Begin PBXNativeTarget section */
		D3BE060B1DED237000D169D4 /* CollectionViewAnimation */ = {
			isa = PBXNativeTarget;
			buildConfigurationList = D3BE061E1DED237000D169D4 /* Build configuration list for PBXNativeTarget "CollectionViewAnimation" */;
			buildPhases = (
				D3BE06081DED237000D169D4 /* Sources */,
				D3BE06091DED237000D169D4 /* Frameworks */,
				D3BE060A1DED237000D169D4 /* Resources */,
			);
			buildRules = (
			);
			dependencies = (
			);
			name = CollectionViewAnimation;
			productName = CollectionViewAnimation;
			productReference = D3BE060C1DED237000D169D4 /* CollectionViewAnimation.app */;
			productType = "com.apple.product-type.application";
		};
/* End PBXNativeTarget section */

/* Begin PBXProject section */
		D3BE06041DED237000D169D4 /* Project object */ = {
			isa = PBXProject;
			attributes = {
				LastSwiftUpdateCheck = 0810;
				LastUpgradeCheck = 0810;
				ORGANIZATIONNAME = "Bevis Chen";
				TargetAttributes = {
					D3BE060B1DED237000D169D4 = {
						CreatedOnToolsVersion = 8.1;
						DevelopmentTeam = B62P32L56E;
						ProvisioningStyle = Automatic;
					};
				};
			};
			buildConfigurationList = D3BE06071DED237000D169D4 /* Build configuration list for PBXProject "CollectionViewAnimation" */;
			compatibilityVersion = "Xcode 3.2";
			developmentRegion = English;
			hasScannedForEncodings = 0;
			knownRegions = (
				en,
				Base,
			);
			mainGroup = D3BE06031DED237000D169D4;
			productRefGroup = D3BE060D1DED237000D169D4 /* Products */;
			projectDirPath = "";
			projectRoot = "";
			targets = (
				D3BE060B1DED237000D169D4 /* CollectionViewAnimation */,
			);
		};
/* End PBXProject section */

/* Begin PBXResourcesBuildPhase section */
		D3BE060A1DED237000D169D4 /* Resources */ = {
			isa = PBXResourcesBuildPhase;
			buildActionMask = 2147483647;
			files = (
				D3BE061A1DED237000D169D4 /* LaunchScreen.storyboard in Resources */,
				D3BE06171DED237000D169D4 /* Assets.xcassets in Resources */,
				D3BE06151DED237000D169D4 /* Main.storyboard in Resources */,
			);
			runOnlyForDeploymentPostprocessing = 0;
		};
/* End PBXResourcesBuildPhase section */

/* Begin PBXSourcesBuildPhase section */
		D3BE06081DED237000D169D4 /* Sources */ = {
			isa = PBXSourcesBuildPhase;
			buildActionMask = 2147483647;
			files = (
				D3BE06121DED237000D169D4 /* ViewController.swift in Sources */,
				D3BE06101DED237000D169D4 /* AppDelegate.swift in Sources */,
				D3BE06221DED247400D169D4 /* PhotoCollectionViewCell.swift in Sources */,
				D3BE06241DED251E00D169D4 /* CustomCollectionViewFlowLayout.swift in Sources */,
			);
			runOnlyForDeploymentPostprocessing = 0;
		};
/* End PBXSourcesBuildPhase section */

/* Begin PBXVariantGroup section */
		D3BE06131DED237000D169D4 /* Main.storyboard */ = {
			isa = PBXVariantGroup;
			children = (
				D3BE06141DED237000D169D4 /* Base */,
			);
			name = Main.storyboard;
			sourceTree = "<group>";
		};
		D3BE06181DED237000D169D4 /* LaunchScreen.storyboard */ = {
			isa = PBXVariantGroup;
			children = (
				D3BE06191DED237000D169D4 /* Base */,
			);
			name = LaunchScreen.storyboard;
			sourceTree = "<group>";
		};
/* End PBXVariantGroup section */

/* Begin XCBuildConfiguration section */
		D3BE061C1DED237000D169D4 /* Debug */ = {
			isa = XCBuildConfiguration;
			buildSettings = {
				ALWAYS_SEARCH_USER_PATHS = NO;
				CLANG_ANALYZER_NONNULL = YES;
				CLANG_CXX_LANGUAGE_STANDARD = "gnu++0x";
				CLANG_CXX_LIBRARY = "libc++";
				CLANG_ENABLE_MODULES = YES;
				CLANG_ENABLE_OBJC_ARC = YES;
				CLANG_WARN_BOOL_CONVERSION = YES;
				CLANG_WARN_CONSTANT_CONVERSION = YES;
				CLANG_WARN_DIRECT_OBJC_ISA_USAGE = YES_ERROR;
				CLANG_WARN_DOCUMENTATION_COMMENTS = YES;
				CLANG_WARN_EMPTY_BODY = YES;
				CLANG_WARN_ENUM_CONVERSION = YES;
				CLANG_WARN_INFINITE_RECURSION = YES;
				CLANG_WARN_INT_CONVERSION = YES;
				CLANG_WARN_OBJC_ROOT_CLASS = YES_ERROR;
				CLANG_WARN_SUSPICIOUS_MOVES = YES;
				CLANG_WARN_UNREACHABLE_CODE = YES;
				CLANG_WARN__DUPLICATE_METHOD_MATCH = YES;
				"CODE_SIGN_IDENTITY[sdk=iphoneos*]" = "iPhone Developer";
				COPY_PHASE_STRIP = NO;
				DEBUG_INFORMATION_FORMAT = dwarf;
				ENABLE_STRICT_OBJC_MSGSEND = YES;
				ENABLE_TESTABILITY = YES;
				GCC_C_LANGUAGE_STANDARD = gnu99;
				GCC_DYNAMIC_NO_PIC = NO;
				GCC_NO_COMMON_BLOCKS = YES;
				GCC_OPTIMIZATION_LEVEL = 0;
				GCC_PREPROCESSOR_DEFINITIONS = (
					"DEBUG=1",
					"$(inherited)",
				);
				GCC_WARN_64_TO_32_BIT_CONVERSION = YES;
				GCC_WARN_ABOUT_RETURN_TYPE = YES_ERROR;
				GCC_WARN_UNDECLARED_SELECTOR = YES;
				GCC_WARN_UNINITIALIZED_AUTOS = YES_AGGRESSIVE;
				GCC_WARN_UNUSED_FUNCTION = YES;
				GCC_WARN_UNUSED_VARIABLE = YES;
				IPHONEOS_DEPLOYMENT_TARGET = 10.1;
				MTL_ENABLE_DEBUG_INFO = YES;
				ONLY_ACTIVE_ARCH = YES;
				SDKROOT = iphoneos;
				SWIFT_ACTIVE_COMPILATION_CONDITIONS = DEBUG;
				SWIFT_OPTIMIZATION_LEVEL = "-Onone";
				TARGETED_DEVICE_FAMILY = "1,2";
			};
			name = Debug;
		};
		D3BE061D1DED237000D169D4 /* Release */ = {
			isa = XCBuildConfiguration;
			buildSettings = {
				ALWAYS_SEARCH_USER_PATHS = NO;
				CLANG_ANALYZER_NONNULL = YES;
				CLANG_CXX_LANGUAGE_STANDARD = "gnu++0x";
				CLANG_CXX_LIBRARY = "libc++";
				CLANG_ENABLE_MODULES = YES;
				CLANG_ENABLE_OBJC_ARC = YES;
				CLANG_WARN_BOOL_CONVERSION = YES;
				CLANG_WARN_CONSTANT_CONVERSION = YES;
				CLANG_WARN_DIRECT_OBJC_ISA_USAGE = YES_ERROR;
				CLANG_WARN_DOCUMENTATION_COMMENTS = YES;
				CLANG_WARN_EMPTY_BODY = YES;
				CLANG_WARN_ENUM_CONVERSION = YES;
				CLANG_WARN_INFINITE_RECURSION = YES;
				CLANG_WARN_INT_CONVERSION = YES;
				CLANG_WARN_OBJC_ROOT_CLASS = YES_ERROR;
				CLANG_WARN_SUSPICIOUS_MOVES = YES;
				CLANG_WARN_UNREACHABLE_CODE = YES;
				CLANG_WARN__DUPLICATE_METHOD_MATCH = YES;
				"CODE_SIGN_IDENTITY[sdk=iphoneos*]" = "iPhone Developer";
				COPY_PHASE_STRIP = NO;
				DEBUG_INFORMATION_FORMAT = "dwarf-with-dsym";
				ENABLE_NS_ASSERTIONS = NO;
				ENABLE_STRICT_OBJC_MSGSEND = YES;
				GCC_C_LANGUAGE_STANDARD = gnu99;
				GCC_NO_COMMON_BLOCKS = YES;
				GCC_WARN_64_TO_32_BIT_CONVERSION = YES;
				GCC_WARN_ABOUT_RETURN_TYPE = YES_ERROR;
				GCC_WARN_UNDECLARED_SELECTOR = YES;
				GCC_WARN_UNINITIALIZED_AUTOS = YES_AGGRESSIVE;
				GCC_WARN_UNUSED_FUNCTION = YES;
				GCC_WARN_UNUSED_VARIABLE = YES;
				IPHONEOS_DEPLOYMENT_TARGET = 10.1;
				MTL_ENABLE_DEBUG_INFO = NO;
				SDKROOT = iphoneos;
				SWIFT_OPTIMIZATION_LEVEL = "-Owholemodule";
				TARGETED_DEVICE_FAMILY = "1,2";
				VALIDATE_PRODUCT = YES;
			};
			name = Release;
		};
		D3BE061F1DED237000D169D4 /* Debug */ = {
			isa = XCBuildConfiguration;
			buildSettings = {
				ASSETCATALOG_COMPILER_APPICON_NAME = AppIcon;
				DEVELOPMENT_TEAM = B62P32L56E;
				INFOPLIST_FILE = CollectionViewAnimation/Info.plist;
				LD_RUNPATH_SEARCH_PATHS = "$(inherited) @executable_path/Frameworks";
				PRODUCT_BUNDLE_IDENTIFIER = com.bevis.CollectionViewAnimation;
				PRODUCT_NAME = "$(TARGET_NAME)";
				SWIFT_VERSION = 3.0;
			};
			name = Debug;
		};
		D3BE06201DED237000D169D4 /* Release */ = {
			isa = XCBuildConfiguration;
			buildSettings = {
				ASSETCATALOG_COMPILER_APPICON_NAME = AppIcon;
				DEVELOPMENT_TEAM = B62P32L56E;
				INFOPLIST_FILE = CollectionViewAnimation/Info.plist;
				LD_RUNPATH_SEARCH_PATHS = "$(inherited) @executable_path/Frameworks";
				PRODUCT_BUNDLE_IDENTIFIER = com.bevis.CollectionViewAnimation;
				PRODUCT_NAME = "$(TARGET_NAME)";
				SWIFT_VERSION = 3.0;
			};
			name = Release;
		};
/* End XCBuildConfiguration section */

/* Begin XCConfigurationList section */
		D3BE06071DED237000D169D4 /* Build configuration list for PBXProject "CollectionViewAnimation" */ = {
			isa = XCConfigurationList;
			buildConfigurations = (
				D3BE061C1DED237000D169D4 /* Debug */,
				D3BE061D1DED237000D169D4 /* Release */,
			);
			defaultConfigurationIsVisible = 0;
			defaultConfigurationName = Release;
		};
		D3BE061E1DED237000D169D4 /* Build configuration list for PBXNativeTarget "CollectionViewAnimation" */ = {
			isa = XCConfigurationList;
			buildConfigurations = (
				D3BE061F1DED237000D169D4 /* Debug */,
				D3BE06201DED237000D169D4 /* Release */,
			);
			defaultConfigurationIsVisible = 0;
		};
/* End XCConfigurationList section */
	};
	rootObject = D3BE06041DED237000D169D4 /* Project object */;
}
