// !$*UTF8*$!
{
	archiveVersion = 1;
	classes = {
	};
	objectVersion = 46;
	objects = {

/* Begin PBXBuildFile section */
		D33DCFD51DF54AE200E2D974 /* AppDelegate.swift in Sources */ = {isa = PBXBuildFile; fileRef = D33DCFD41DF54AE200E2D974 /* AppDelegate.swift */; };
		D33DCFD71DF54AE200E2D974 /* ViewController.swift in Sources */ = {isa = PBXBuildFile; fileRef = D33DCFD61DF54AE200E2D974 /* ViewController.swift */; };
		D33DCFDA1DF54AE200E2D974 /* Main.storyboard in Resources */ = {isa = PBXBuildFile; fileRef = D33DCFD81DF54AE200E2D974 /* Main.storyboard */; };
		D33DCFDC1DF54AE200E2D974 /* Assets.xcassets in Resources */ = {isa = PBXBuildFile; fileRef = D33DCFDB1DF54AE200E2D974 /* Assets.xcassets */; };
		D33DCFDF1DF54AE200E2D974 /* LaunchScreen.storyboard in Resources */ = {isa = PBXBuildFile; fileRef = D33DCFDD1DF54AE200E2D974 /* LaunchScreen.storyboard */; };
/* End PBXBuildFile section */

/* Begin PBXFileReference section */
		D33DCFD11DF54AE200E2D974 /* Charts.app */ = {isa = PBXFileReference; explicitFileType = wrapper.application; includeInIndex = 0; path = Charts.app; sourceTree = BUILT_PRODUCTS_DIR; };
		D33DCFD41DF54AE200E2D974 /* AppDelegate.swift */ = {isa = PBXFileReference; lastKnownFileType = sourcecode.swift; path = AppDelegate.swift; sourceTree = "<group>"; };
		D33DCFD61DF54AE200E2D974 /* ViewController.swift */ = {isa = PBXFileReference; lastKnownFileType = sourcecode.swift; path = ViewController.swift; sourceTree = "<group>"; };
		D33DCFD91DF54AE200E2D974 /* Base */ = {isa = PBXFileReference; lastKnownFileType = file.storyboard; name = Base; path = Base.lproj/Main.storyboard; sourceTree = "<group>"; };
		D33DCFDB1DF54AE200E2D974 /* Assets.xcassets */ = {isa = PBXFileReference; lastKnownFileType = folder.assetcatalog; path = Assets.xcassets; sourceTree = "<group>"; };
		D33DCFDE1DF54AE200E2D974 /* Base */ = {isa = PBXFileReference; lastKnownFileType = file.storyboard; name = Base; path = Base.lproj/LaunchScreen.storyboard; sourceTree = "<group>"; };
		D33DCFE01DF54AE200E2D974 /* Info.plist */ = {isa = PBXFileReference; lastKnownFileType = text.plist.xml; path = Info.plist; sourceTree = "<group>"; };
/* End PBXFileReference section */

/* Begin PBXFrameworksBuildPhase section */
		D33DCFCE1DF54AE200E2D974 /* Frameworks */ = {
			isa = PBXFrameworksBuildPhase;
			buildActionMask = 2147483647;
			files = (
			);
			runOnlyForDeploymentPostprocessing = 0;
		};
/* End PBXFrameworksBuildPhase section */

/* Begin PBXGroup section */
		D33DCFC81DF54AE200E2D974 = {
			isa = PBXGroup;
			children = (
				D33DCFD31DF54AE200E2D974 /* Charts */,
				D33DCFD21DF54AE200E2D974 /* Products */,
			);
			sourceTree = "<group>";
		};
		D33DCFD21DF54AE200E2D974 /* Products */ = {
			isa = PBXGroup;
			children = (
				D33DCFD11DF54AE200E2D974 /* Charts.app */,
			);
			name = Products;
			sourceTree = "<group>";
		};
		D33DCFD31DF54AE200E2D974 /* Charts */ = {
			isa = PBXGroup;
			children = (
				D33DCFD41DF54AE200E2D974 /* AppDelegate.swift */,
				D33DCFD61DF54AE200E2D974 /* ViewController.swift */,
				D33DCFD81DF54AE200E2D974 /* Main.storyboard */,
				D33DCFDB1DF54AE200E2D974 /* Assets.xcassets */,
				D33DCFDD1DF54AE200E2D974 /* LaunchScreen.storyboard */,
				D33DCFE01DF54AE200E2D974 /* Info.plist */,
			);
			path = Charts;
			sourceTree = "<group>";
		};
/* End PBXGroup section */

/* Begin PBXNativeTarget section */
		D33DCFD01DF54AE200E2D974 /* Charts */ = {
			isa = PBXNativeTarget;
			buildConfigurationList = D33DCFE31DF54AE200E2D974 /* Build configuration list for PBXNativeTarget "Charts" */;
			buildPhases = (
				D33DCFCD1DF54AE200E2D974 /* Sources */,
				D33DCFCE1DF54AE200E2D974 /* Frameworks */,
				D33DCFCF1DF54AE200E2D974 /* Resources */,
			);
			buildRules = (
			);
			dependencies = (
			);
			name = Charts;
			productName = Charts;
			productReference = D33DCFD11DF54AE200E2D974 /* Charts.app */;
			productType = "com.apple.product-type.application";
		};
/* End PBXNativeTarget section */

/* Begin PBXProject section */
		D33DCFC91DF54AE200E2D974 /* Project object */ = {
			isa = PBXProject;
			attributes = {
				LastSwiftUpdateCheck = 0810;
				LastUpgradeCheck = 0810;
				ORGANIZATIONNAME = "Bevis Chen";
				TargetAttributes = {
					D33DCFD01DF54AE200E2D974 = {
						CreatedOnToolsVersion = 8.1;
						DevelopmentTeam = B62P32L56E;
						ProvisioningStyle = Automatic;
					};
				};
			};
			buildConfigurationList = D33DCFCC1DF54AE200E2D974 /* Build configuration list for PBXProject "Charts" */;
			compatibilityVersion = "Xcode 3.2";
			developmentRegion = English;
			hasScannedForEncodings = 0;
			knownRegions = (
				en,
				Base,
			);
			mainGroup = D33DCFC81DF54AE200E2D974;
			productRefGroup = D33DCFD21DF54AE200E2D974 /* Products */;
			projectDirPath = "";
			projectRoot = "";
			targets = (
				D33DCFD01DF54AE200E2D974 /* Charts */,
			);
		};
/* End PBXProject section */

/* Begin PBXResourcesBuildPhase section */
		D33DCFCF1DF54AE200E2D974 /* Resources */ = {
			isa = PBXResourcesBuildPhase;
			buildActionMask = 2147483647;
			files = (
				D33DCFDF1DF54AE200E2D974 /* LaunchScreen.storyboard in Resources */,
				D33DCFDC1DF54AE200E2D974 /* Assets.xcassets in Resources */,
				D33DCFDA1DF54AE200E2D974 /* Main.storyboard in Resources */,
			);
			runOnlyForDeploymentPostprocessing = 0;
		};
/* End PBXResourcesBuildPhase section */

/* Begin PBXSourcesBuildPhase section */
		D33DCFCD1DF54AE200E2D974 /* Sources */ = {
			isa = PBXSourcesBuildPhase;
			buildActionMask = 2147483647;
			files = (
				D33DCFD71DF54AE200E2D974 /* ViewController.swift in Sources */,
				D33DCFD51DF54AE200E2D974 /* AppDelegate.swift in Sources */,
			);
			runOnlyForDeploymentPostprocessing = 0;
		};
/* End PBXSourcesBuildPhase section */

/* Begin PBXVariantGroup section */
		D33DCFD81DF54AE200E2D974 /* Main.storyboard */ = {
			isa = PBXVariantGroup;
			children = (
				D33DCFD91DF54AE200E2D974 /* Base */,
			);
			name = Main.storyboard;
			sourceTree = "<group>";
		};
		D33DCFDD1DF54AE200E2D974 /* LaunchScreen.storyboard */ = {
			isa = PBXVariantGroup;
			children = (
				D33DCFDE1DF54AE200E2D974 /* Base */,
			);
			name = LaunchScreen.storyboard;
			sourceTree = "<group>";
		};
/* End PBXVariantGroup section */

/* Begin XCBuildConfiguration section */
		D33DCFE11DF54AE200E2D974 /* Debug */ = {
			isa = XCBuildConfiguration;
			buildSettings = {
				ALWAYS_SEARCH_USER_PATHS = NO;
				CLANG_ANALYZER_NONNULL = YES;
				CLANG_CXX_LANGUAGE_STANDARD = "gnu++0x";
				CLANG_CXX_LIBRARY = "libc++";
				CLANG_ENABLE_MODULES = YES;
				CLANG_ENABLE_OBJC_ARC = YES;
				CLANG_WARN_BOOL_CONVERSION = YES;
				CLANG_WARN_CONSTANT_CONVERSION = YES;
				CLANG_WARN_DIRECT_OBJC_ISA_USAGE = YES_ERROR;
				CLANG_WARN_DOCUMENTATION_COMMENTS = YES;
				CLANG_WARN_EMPTY_BODY = YES;
				CLANG_WARN_ENUM_CONVERSION = YES;
				CLANG_WARN_INFINITE_RECURSION = YES;
				CLANG_WARN_INT_CONVERSION = YES;
				CLANG_WARN_OBJC_ROOT_CLASS = YES_ERROR;
				CLANG_WARN_SUSPICIOUS_MOVES = YES;
				CLANG_WARN_UNREACHABLE_CODE = YES;
				CLANG_WARN__DUPLICATE_METHOD_MATCH = YES;
				"CODE_SIGN_IDENTITY[sdk=iphoneos*]" = "iPhone Developer";
				COPY_PHASE_STRIP = NO;
				DEBUG_INFORMATION_FORMAT = dwarf;
				ENABLE_STRICT_OBJC_MSGSEND = YES;
				ENABLE_TESTABILITY = YES;
				GCC_C_LANGUAGE_STANDARD = gnu99;
				GCC_DYNAMIC_NO_PIC = NO;
				GCC_NO_COMMON_BLOCKS = YES;
				GCC_OPTIMIZATION_LEVEL = 0;
				GCC_PREPROCESSOR_DEFINITIONS = (
					"DEBUG=1",
					"$(inherited)",
				);
				GCC_WARN_64_TO_32_BIT_CONVERSION = YES;
				GCC_WARN_ABOUT_RETURN_TYPE = YES_ERROR;
				GCC_WARN_UNDECLARED_SELECTOR = YES;
				GCC_WARN_UNINITIALIZED_AUTOS = YES_AGGRESSIVE;
				GCC_WARN_UNUSED_FUNCTION = YES;
				GCC_WARN_UNUSED_VARIABLE = YES;
				IPHONEOS_DEPLOYMENT_TARGET = 10.1;
				MTL_ENABLE_DEBUG_INFO = YES;
				ONLY_ACTIVE_ARCH = YES;
				SDKROOT = iphoneos;
				SWIFT_ACTIVE_COMPILATION_CONDITIONS = DEBUG;
				SWIFT_OPTIMIZATION_LEVEL = "-Onone";
				TARGETED_DEVICE_FAMILY = "1,2";
			};
			name = Debug;
		};
		D33DCFE21DF54AE200E2D974 /* Release */ = {
			isa = XCBuildConfiguration;
			buildSettings = {
				ALWAYS_SEARCH_USER_PATHS = NO;
				CLANG_ANALYZER_NONNULL = YES;
				CLANG_CXX_LANGUAGE_STANDARD = "gnu++0x";
				CLANG_CXX_LIBRARY = "libc++";
				CLANG_ENABLE_MODULES = YES;
				CLANG_ENABLE_OBJC_ARC = YES;
				CLANG_WARN_BOOL_CONVERSION = YES;
				CLANG_WARN_CONSTANT_CONVERSION = YES;
				CLANG_WARN_DIRECT_OBJC_ISA_USAGE = YES_ERROR;
				CLANG_WARN_DOCUMENTATION_COMMENTS = YES;
				CLANG_WARN_EMPTY_BODY = YES;
				CLANG_WARN_ENUM_CONVERSION = YES;
				CLANG_WARN_INFINITE_RECURSION = YES;
				CLANG_WARN_INT_CONVERSION = YES;
				CLANG_WARN_OBJC_ROOT_CLASS = YES_ERROR;
				CLANG_WARN_SUSPICIOUS_MOVES = YES;
				CLANG_WARN_UNREACHABLE_CODE = YES;
				CLANG_WARN__DUPLICATE_METHOD_MATCH = YES;
				"CODE_SIGN_IDENTITY[sdk=iphoneos*]" = "iPhone Developer";
				COPY_PHASE_STRIP = NO;
				DEBUG_INFORMATION_FORMAT = "dwarf-with-dsym";
				ENABLE_NS_ASSERTIONS = NO;
				ENABLE_STRICT_OBJC_MSGSEND = YES;
				GCC_C_LANGUAGE_STANDARD = gnu99;
				GCC_NO_COMMON_BLOCKS = YES;
				GCC_WARN_64_TO_32_BIT_CONVERSION = YES;
				GCC_WARN_ABOUT_RETURN_TYPE = YES_ERROR;
				GCC_WARN_UNDECLARED_SELECTOR = YES;
				GCC_WARN_UNINITIALIZED_AUTOS = YES_AGGRESSIVE;
				GCC_WARN_UNUSED_FUNCTION = YES;
				GCC_WARN_UNUSED_VARIABLE = YES;
				IPHONEOS_DEPLOYMENT_TARGET = 10.1;
				MTL_ENABLE_DEBUG_INFO = NO;
				SDKROOT = iphoneos;
				SWIFT_OPTIMIZATION_LEVEL = "-Owholemodule";
				TARGETED_DEVICE_FAMILY = "1,2";
				VALIDATE_PRODUCT = YES;
			};
			name = Release;
		};
		D33DCFE41DF54AE200E2D974 /* Debug */ = {
			isa = XCBuildConfiguration;
			buildSettings = {
				ASSETCATALOG_COMPILER_APPICON_NAME = AppIcon;
				DEVELOPMENT_TEAM = B62P32L56E;
				INFOPLIST_FILE = Charts/Info.plist;
				LD_RUNPATH_SEARCH_PATHS = "$(inherited) @executable_path/Frameworks";
				PRODUCT_BUNDLE_IDENTIFIER = com.bevis.Charts;
				PRODUCT_NAME = "$(TARGET_NAME)";
				SWIFT_VERSION = 3.0;
			};
			name = Debug;
		};
		D33DCFE51DF54AE200E2D974 /* Release */ = {
			isa = XCBuildConfiguration;
			buildSettings = {
				ASSETCATALOG_COMPILER_APPICON_NAME = AppIcon;
				DEVELOPMENT_TEAM = B62P32L56E;
				INFOPLIST_FILE = Charts/Info.plist;
				LD_RUNPATH_SEARCH_PATHS = "$(inherited) @executable_path/Frameworks";
				PRODUCT_BUNDLE_IDENTIFIER = com.bevis.Charts;
				PRODUCT_NAME = "$(TARGET_NAME)";
				SWIFT_VERSION = 3.0;
			};
			name = Release;
		};
/* End XCBuildConfiguration section */

/* Begin XCConfigurationList section */
		D33DCFCC1DF54AE200E2D974 /* Build configuration list for PBXProject "Charts" */ = {
			isa = XCConfigurationList;
			buildConfigurations = (
				D33DCFE11DF54AE200E2D974 /* Debug */,
				D33DCFE21DF54AE200E2D974 /* Release */,
			);
			defaultConfigurationIsVisible = 0;
			defaultConfigurationName = Release;
		};
		D33DCFE31DF54AE200E2D974 /* Build configuration list for PBXNativeTarget "Charts" */ = {
			isa = XCConfigurationList;
			buildConfigurations = (
				D33DCFE41DF54AE200E2D974 /* Debug */,
				D33DCFE51DF54AE200E2D974 /* Release */,
			);
			defaultConfigurationIsVisible = 0;
		};
/* End XCConfigurationList section */
	};
	rootObject = D33DCFC91DF54AE200E2D974 /* Project object */;
}
