// !$*UTF8*$!
{
	archiveVersion = 1;
	classes = {
	};
	objectVersion = 46;
	objects = {

/* Begin PBXBuildFile section */
		D3BE06331DEFBC4800D169D4 /* AppDelegate.swift in Sources */ = {isa = PBXBuildFile; fileRef = D3BE06321DEFBC4800D169D4 /* AppDelegate.swift */; };
		D3BE06351DEFBC4800D169D4 /* ViewController.swift in Sources */ = {isa = PBXBuildFile; fileRef = D3BE06341DEFBC4800D169D4 /* ViewController.swift */; };
		D3BE06381DEFBC4800D169D4 /* Main.storyboard in Resources */ = {isa = PBXBuildFile; fileRef = D3BE06361DEFBC4800D169D4 /* Main.storyboard */; };
		D3BE063A1DEFBC4800D169D4 /* Assets.xcassets in Resources */ = {isa = PBXBuildFile; fileRef = D3BE06391DEFBC4800D169D4 /* Assets.xcassets */; };
		D3BE063D1DEFBC4800D169D4 /* LaunchScreen.storyboard in Resources */ = {isa = PBXBuildFile; fileRef = D3BE063B1DEFBC4800D169D4 /* LaunchScreen.storyboard */; };
/* End PBXBuildFile section */

/* Begin PBXFileReference section */
		D3BE062F1DEFBC4800D169D4 /* BaseAnimationPractice.app */ = {isa = PBXFileReference; explicitFileType = wrapper.application; includeInIndex = 0; path = BaseAnimationPractice.app; sourceTree = BUILT_PRODUCTS_DIR; };
		D3BE06321DEFBC4800D169D4 /* AppDelegate.swift */ = {isa = PBXFileReference; lastKnownFileType = sourcecode.swift; path = AppDelegate.swift; sourceTree = "<group>"; };
		D3BE06341DEFBC4800D169D4 /* ViewController.swift */ = {isa = PBXFileReference; lastKnownFileType = sourcecode.swift; path = ViewController.swift; sourceTree = "<group>"; };
		D3BE06371DEFBC4800D169D4 /* Base */ = {isa = PBXFileReference; lastKnownFileType = file.storyboard; name = Base; path = Base.lproj/Main.storyboard; sourceTree = "<group>"; };
		D3BE06391DEFBC4800D169D4 /* Assets.xcassets */ = {isa = PBXFileReference; lastKnownFileType = folder.assetcatalog; path = Assets.xcassets; sourceTree = "<group>"; };
		D3BE063C1DEFBC4800D169D4 /* Base */ = {isa = PBXFileReference; lastKnownFileType = file.storyboard; name = Base; path = Base.lproj/LaunchScreen.storyboard; sourceTree = "<group>"; };
		D3BE063E1DEFBC4800D169D4 /* Info.plist */ = {isa = PBXFileReference; lastKnownFileType = text.plist.xml; path = Info.plist; sourceTree = "<group>"; };
/* End PBXFileReference section */

/* Begin PBXFrameworksBuildPhase section */
		D3BE062C1DEFBC4800D169D4 /* Frameworks */ = {
			isa = PBXFrameworksBuildPhase;
			buildActionMask = 2147483647;
			files = (
			);
			runOnlyForDeploymentPostprocessing = 0;
		};
/* End PBXFrameworksBuildPhase section */

/* Begin PBXGroup section */
		D3BE06261DEFBC4800D169D4 = {
			isa = PBXGroup;
			children = (
				D3BE06311DEFBC4800D169D4 /* BaseAnimationPractice */,
				D3BE06301DEFBC4800D169D4 /* Products */,
			);
			sourceTree = "<group>";
		};
		D3BE06301DEFBC4800D169D4 /* Products */ = {
			isa = PBXGroup;
			children = (
				D3BE062F1DEFBC4800D169D4 /* BaseAnimationPractice.app */,
			);
			name = Products;
			sourceTree = "<group>";
		};
		D3BE06311DEFBC4800D169D4 /* BaseAnimationPractice */ = {
			isa = PBXGroup;
			children = (
				D3BE06321DEFBC4800D169D4 /* AppDelegate.swift */,
				D3BE06341DEFBC4800D169D4 /* ViewController.swift */,
				D3BE06361DEFBC4800D169D4 /* Main.storyboard */,
				D3BE06391DEFBC4800D169D4 /* Assets.xcassets */,
				D3BE063B1DEFBC4800D169D4 /* LaunchScreen.storyboard */,
				D3BE063E1DEFBC4800D169D4 /* Info.plist */,
			);
			path = BaseAnimationPractice;
			sourceTree = "<group>";
		};
/* End PBXGroup section */

/* Begin PBXNativeTarget section */
		D3BE062E1DEFBC4800D169D4 /* BaseAnimationPractice */ = {
			isa = PBXNativeTarget;
			buildConfigurationList = D3BE06411DEFBC4800D169D4 /* Build configuration list for PBXNativeTarget "BaseAnimationPractice" */;
			buildPhases = (
				D3BE062B1DEFBC4800D169D4 /* Sources */,
				D3BE062C1DEFBC4800D169D4 /* Frameworks */,
				D3BE062D1DEFBC4800D169D4 /* Resources */,
			);
			buildRules = (
			);
			dependencies = (
			);
			name = BaseAnimationPractice;
			productName = BaseAnimationPractice;
			productReference = D3BE062F1DEFBC4800D169D4 /* BaseAnimationPractice.app */;
			productType = "com.apple.product-type.application";
		};
/* End PBXNativeTarget section */

/* Begin PBXProject section */
		D3BE06271DEFBC4800D169D4 /* Project object */ = {
			isa = PBXProject;
			attributes = {
				LastSwiftUpdateCheck = 0810;
				LastUpgradeCheck = 0810;
				ORGANIZATIONNAME = "Bevis Chen";
				TargetAttributes = {
					D3BE062E1DEFBC4800D169D4 = {
						CreatedOnToolsVersion = 8.1;
						DevelopmentTeam = B62P32L56E;
						ProvisioningStyle = Automatic;
					};
				};
			};
			buildConfigurationList = D3BE062A1DEFBC4800D169D4 /* Build configuration list for PBXProject "BaseAnimationPractice" */;
			compatibilityVersion = "Xcode 3.2";
			developmentRegion = English;
			hasScannedForEncodings = 0;
			knownRegions = (
				en,
				Base,
			);
			mainGroup = D3BE06261DEFBC4800D169D4;
			productRefGroup = D3BE06301DEFBC4800D169D4 /* Products */;
			projectDirPath = "";
			projectRoot = "";
			targets = (
				D3BE062E1DEFBC4800D169D4 /* BaseAnimationPractice */,
			);
		};
/* End PBXProject section */

/* Begin PBXResourcesBuildPhase section */
		D3BE062D1DEFBC4800D169D4 /* Resources */ = {
			isa = PBXResourcesBuildPhase;
			buildActionMask = 2147483647;
			files = (
				D3BE063D1DEFBC4800D169D4 /* LaunchScreen.storyboard in Resources */,
				D3BE063A1DEFBC4800D169D4 /* Assets.xcassets in Resources */,
				D3BE06381DEFBC4800D169D4 /* Main.storyboard in Resources */,
			);
			runOnlyForDeploymentPostprocessing = 0;
		};
/* End PBXResourcesBuildPhase section */

/* Begin PBXSourcesBuildPhase section */
		D3BE062B1DEFBC4800D169D4 /* Sources */ = {
			isa = PBXSourcesBuildPhase;
			buildActionMask = 2147483647;
			files = (
				D3BE06351DEFBC4800D169D4 /* ViewController.swift in Sources */,
				D3BE06331DEFBC4800D169D4 /* AppDelegate.swift in Sources */,
			);
			runOnlyForDeploymentPostprocessing = 0;
		};
/* End PBXSourcesBuildPhase section */

/* Begin PBXVariantGroup section */
		D3BE06361DEFBC4800D169D4 /* Main.storyboard */ = {
			isa = PBXVariantGroup;
			children = (
				D3BE06371DEFBC4800D169D4 /* Base */,
			);
			name = Main.storyboard;
			sourceTree = "<group>";
		};
		D3BE063B1DEFBC4800D169D4 /* LaunchScreen.storyboard */ = {
			isa = PBXVariantGroup;
			children = (
				D3BE063C1DEFBC4800D169D4 /* Base */,
			);
			name = LaunchScreen.storyboard;
			sourceTree = "<group>";
		};
/* End PBXVariantGroup section */

/* Begin XCBuildConfiguration section */
		D3BE063F1DEFBC4800D169D4 /* Debug */ = {
			isa = XCBuildConfiguration;
			buildSettings = {
				ALWAYS_SEARCH_USER_PATHS = NO;
				CLANG_ANALYZER_NONNULL = YES;
				CLANG_CXX_LANGUAGE_STANDARD = "gnu++0x";
				CLANG_CXX_LIBRARY = "libc++";
				CLANG_ENABLE_MODULES = YES;
				CLANG_ENABLE_OBJC_ARC = YES;
				CLANG_WARN_BOOL_CONVERSION = YES;
				CLANG_WARN_CONSTANT_CONVERSION = YES;
				CLANG_WARN_DIRECT_OBJC_ISA_USAGE = YES_ERROR;
				CLANG_WARN_DOCUMENTATION_COMMENTS = YES;
				CLANG_WARN_EMPTY_BODY = YES;
				CLANG_WARN_ENUM_CONVERSION = YES;
				CLANG_WARN_INFINITE_RECURSION = YES;
				CLANG_WARN_INT_CONVERSION = YES;
				CLANG_WARN_OBJC_ROOT_CLASS = YES_ERROR;
				CLANG_WARN_SUSPICIOUS_MOVES = YES;
				CLANG_WARN_UNREACHABLE_CODE = YES;
				CLANG_WARN__DUPLICATE_METHOD_MATCH = YES;
				"CODE_SIGN_IDENTITY[sdk=iphoneos*]" = "iPhone Developer";
				COPY_PHASE_STRIP = NO;
				DEBUG_INFORMATION_FORMAT = dwarf;
				ENABLE_STRICT_OBJC_MSGSEND = YES;
				ENABLE_TESTABILITY = YES;
				GCC_C_LANGUAGE_STANDARD = gnu99;
				GCC_DYNAMIC_NO_PIC = NO;
				GCC_NO_COMMON_BLOCKS = YES;
				GCC_OPTIMIZATION_LEVEL = 0;
				GCC_PREPROCESSOR_DEFINITIONS = (
					"DEBUG=1",
					"$(inherited)",
				);
				GCC_WARN_64_TO_32_BIT_CONVERSION = YES;
				GCC_WARN_ABOUT_RETURN_TYPE = YES_ERROR;
				GCC_WARN_UNDECLARED_SELECTOR = YES;
				GCC_WARN_UNINITIALIZED_AUTOS = YES_AGGRESSIVE;
				GCC_WARN_UNUSED_FUNCTION = YES;
				GCC_WARN_UNUSED_VARIABLE = YES;
				IPHONEOS_DEPLOYMENT_TARGET = 10.1;
				MTL_ENABLE_DEBUG_INFO = YES;
				ONLY_ACTIVE_ARCH = YES;
				SDKROOT = iphoneos;
				SWIFT_ACTIVE_COMPILATION_CONDITIONS = DEBUG;
				SWIFT_OPTIMIZATION_LEVEL = "-Onone";
				TARGETED_DEVICE_FAMILY = "1,2";
			};
			name = Debug;
		};
		D3BE06401DEFBC4800D169D4 /* Release */ = {
			isa = XCBuildConfiguration;
			buildSettings = {
				ALWAYS_SEARCH_USER_PATHS = NO;
				CLANG_ANALYZER_NONNULL = YES;
				CLANG_CXX_LANGUAGE_STANDARD = "gnu++0x";
				CLANG_CXX_LIBRARY = "libc++";
				CLANG_ENABLE_MODULES = YES;
				CLANG_ENABLE_OBJC_ARC = YES;
				CLANG_WARN_BOOL_CONVERSION = YES;
				CLANG_WARN_CONSTANT_CONVERSION = YES;
				CLANG_WARN_DIRECT_OBJC_ISA_USAGE = YES_ERROR;
				CLANG_WARN_DOCUMENTATION_COMMENTS = YES;
				CLANG_WARN_EMPTY_BODY = YES;
				CLANG_WARN_ENUM_CONVERSION = YES;
				CLANG_WARN_INFINITE_RECURSION = YES;
				CLANG_WARN_INT_CONVERSION = YES;
				CLANG_WARN_OBJC_ROOT_CLASS = YES_ERROR;
				CLANG_WARN_SUSPICIOUS_MOVES = YES;
				CLANG_WARN_UNREACHABLE_CODE = YES;
				CLANG_WARN__DUPLICATE_METHOD_MATCH = YES;
				"CODE_SIGN_IDENTITY[sdk=iphoneos*]" = "iPhone Developer";
				COPY_PHASE_STRIP = NO;
				DEBUG_INFORMATION_FORMAT = "dwarf-with-dsym";
				ENABLE_NS_ASSERTIONS = NO;
				ENABLE_STRICT_OBJC_MSGSEND = YES;
				GCC_C_LANGUAGE_STANDARD = gnu99;
				GCC_NO_COMMON_BLOCKS = YES;
				GCC_WARN_64_TO_32_BIT_CONVERSION = YES;
				GCC_WARN_ABOUT_RETURN_TYPE = YES_ERROR;
				GCC_WARN_UNDECLARED_SELECTOR = YES;
				GCC_WARN_UNINITIALIZED_AUTOS = YES_AGGRESSIVE;
				GCC_WARN_UNUSED_FUNCTION = YES;
				GCC_WARN_UNUSED_VARIABLE = YES;
				IPHONEOS_DEPLOYMENT_TARGET = 10.1;
				MTL_ENABLE_DEBUG_INFO = NO;
				SDKROOT = iphoneos;
				SWIFT_OPTIMIZATION_LEVEL = "-Owholemodule";
				TARGETED_DEVICE_FAMILY = "1,2";
				VALIDATE_PRODUCT = YES;
			};
			name = Release;
		};
		D3BE06421DEFBC4800D169D4 /* Debug */ = {
			isa = XCBuildConfiguration;
			buildSettings = {
				ASSETCATALOG_COMPILER_APPICON_NAME = AppIcon;
				DEVELOPMENT_TEAM = B62P32L56E;
				INFOPLIST_FILE = BaseAnimationPractice/Info.plist;
				LD_RUNPATH_SEARCH_PATHS = "$(inherited) @executable_path/Frameworks";
				PRODUCT_BUNDLE_IDENTIFIER = com.bevis.BaseAnimationPractice;
				PRODUCT_NAME = "$(TARGET_NAME)";
				SWIFT_VERSION = 3.0;
			};
			name = Debug;
		};
		D3BE06431DEFBC4800D169D4 /* Release */ = {
			isa = XCBuildConfiguration;
			buildSettings = {
				ASSETCATALOG_COMPILER_APPICON_NAME = AppIcon;
				DEVELOPMENT_TEAM = B62P32L56E;
				INFOPLIST_FILE = BaseAnimationPractice/Info.plist;
				LD_RUNPATH_SEARCH_PATHS = "$(inherited) @executable_path/Frameworks";
				PRODUCT_BUNDLE_IDENTIFIER = com.bevis.BaseAnimationPractice;
				PRODUCT_NAME = "$(TARGET_NAME)";
				SWIFT_VERSION = 3.0;
			};
			name = Release;
		};
/* End XCBuildConfiguration section */

/* Begin XCConfigurationList section */
		D3BE062A1DEFBC4800D169D4 /* Build configuration list for PBXProject "BaseAnimationPractice" */ = {
			isa = XCConfigurationList;
			buildConfigurations = (
				D3BE063F1DEFBC4800D169D4 /* Debug */,
				D3BE06401DEFBC4800D169D4 /* Release */,
			);
			defaultConfigurationIsVisible = 0;
			defaultConfigurationName = Release;
		};
		D3BE06411DEFBC4800D169D4 /* Build configuration list for PBXNativeTarget "BaseAnimationPractice" */ = {
			isa = XCConfigurationList;
			buildConfigurations = (
				D3BE06421DEFBC4800D169D4 /* Debug */,
				D3BE06431DEFBC4800D169D4 /* Release */,
			);
			defaultConfigurationIsVisible = 0;
		};
/* End XCConfigurationList section */
	};
	rootObject = D3BE06271DEFBC4800D169D4 /* Project object */;
}
