// !$*UTF8*$!
{
	archiveVersion = 1;
	classes = {
	};
	objectVersion = 46;
	objects = {

/* Begin PBXBuildFile section */
		D30AAE901DD55BF800627D68 /* AppDelegate.swift in Sources */ = {isa = PBXBuildFile; fileRef = D30AAE8F1DD55BF800627D68 /* AppDelegate.swift */; };
		D30AAE921DD55BF800627D68 /* ViewController.swift in Sources */ = {isa = PBXBuildFile; fileRef = D30AAE911DD55BF800627D68 /* ViewController.swift */; };
		D30AAE951DD55BF800627D68 /* Main.storyboard in Resources */ = {isa = PBXBuildFile; fileRef = D30AAE931DD55BF800627D68 /* Main.storyboard */; };
		D30AAE971DD55BF800627D68 /* Assets.xcassets in Resources */ = {isa = PBXBuildFile; fileRef = D30AAE961DD55BF800627D68 /* Assets.xcassets */; };
		D30AAE9A1DD55BF800627D68 /* LaunchScreen.storyboard in Resources */ = {isa = PBXBuildFile; fileRef = D30AAE981DD55BF800627D68 /* LaunchScreen.storyboard */; };
		D30AAEA21DD55C2600627D68 /* ViewController2.swift in Sources */ = {isa = PBXBuildFile; fileRef = D30AAEA11DD55C2600627D68 /* ViewController2.swift */; };
		D30AAEA41DD56B2E00627D68 /* CustomPresentAnimationController.swift in Sources */ = {isa = PBXBuildFile; fileRef = D30AAEA31DD56B2E00627D68 /* CustomPresentAnimationController.swift */; };
/* End PBXBuildFile section */

/* Begin PBXFileReference section */
		D30AAE8C1DD55BF800627D68 /* CustomVCAnimatedTransitioning.app */ = {isa = PBXFileReference; explicitFileType = wrapper.application; includeInIndex = 0; path = CustomVCAnimatedTransitioning.app; sourceTree = BUILT_PRODUCTS_DIR; };
		D30AAE8F1DD55BF800627D68 /* AppDelegate.swift */ = {isa = PBXFileReference; lastKnownFileType = sourcecode.swift; path = AppDelegate.swift; sourceTree = "<group>"; };
		D30AAE911DD55BF800627D68 /* ViewController.swift */ = {isa = PBXFileReference; lastKnownFileType = sourcecode.swift; path = ViewController.swift; sourceTree = "<group>"; };
		D30AAE941DD55BF800627D68 /* Base */ = {isa = PBXFileReference; lastKnownFileType = file.storyboard; name = Base; path = Base.lproj/Main.storyboard; sourceTree = "<group>"; };
		D30AAE961DD55BF800627D68 /* Assets.xcassets */ = {isa = PBXFileReference; lastKnownFileType = folder.assetcatalog; path = Assets.xcassets; sourceTree = "<group>"; };
		D30AAE991DD55BF800627D68 /* Base */ = {isa = PBXFileReference; lastKnownFileType = file.storyboard; name = Base; path = Base.lproj/LaunchScreen.storyboard; sourceTree = "<group>"; };
		D30AAE9B1DD55BF800627D68 /* Info.plist */ = {isa = PBXFileReference; lastKnownFileType = text.plist.xml; path = Info.plist; sourceTree = "<group>"; };
		D30AAEA11DD55C2600627D68 /* ViewController2.swift */ = {isa = PBXFileReference; fileEncoding = 4; lastKnownFileType = sourcecode.swift; path = ViewController2.swift; sourceTree = "<group>"; };
		D30AAEA31DD56B2E00627D68 /* CustomPresentAnimationController.swift */ = {isa = PBXFileReference; fileEncoding = 4; lastKnownFileType = sourcecode.swift; path = CustomPresentAnimationController.swift; sourceTree = "<group>"; };
/* End PBXFileReference section */

/* Begin PBXFrameworksBuildPhase section */
		D30AAE891DD55BF800627D68 /* Frameworks */ = {
			isa = PBXFrameworksBuildPhase;
			buildActionMask = 2147483647;
			files = (
			);
			runOnlyForDeploymentPostprocessing = 0;
		};
/* End PBXFrameworksBuildPhase section */

/* Begin PBXGroup section */
		D30AAE831DD55BF800627D68 = {
			isa = PBXGroup;
			children = (
				D30AAE8E1DD55BF800627D68 /* CustomVCAnimatedTransitioning */,
				D30AAE8D1DD55BF800627D68 /* Products */,
			);
			sourceTree = "<group>";
		};
		D30AAE8D1DD55BF800627D68 /* Products */ = {
			isa = PBXGroup;
			children = (
				D30AAE8C1DD55BF800627D68 /* CustomVCAnimatedTransitioning.app */,
			);
			name = Products;
			sourceTree = "<group>";
		};
		D30AAE8E1DD55BF800627D68 /* CustomVCAnimatedTransitioning */ = {
			isa = PBXGroup;
			children = (
				D30AAE8F1DD55BF800627D68 /* AppDelegate.swift */,
				D30AAE911DD55BF800627D68 /* ViewController.swift */,
				D30AAEA31DD56B2E00627D68 /* CustomPresentAnimationController.swift */,
				D30AAEA11DD55C2600627D68 /* ViewController2.swift */,
				D30AAE931DD55BF800627D68 /* Main.storyboard */,
				D30AAE961DD55BF800627D68 /* Assets.xcassets */,
				D30AAE981DD55BF800627D68 /* LaunchScreen.storyboard */,
				D30AAE9B1DD55BF800627D68 /* Info.plist */,
			);
			path = CustomVCAnimatedTransitioning;
			sourceTree = "<group>";
		};
/* End PBXGroup section */

/* Begin PBXNativeTarget section */
		D30AAE8B1DD55BF800627D68 /* CustomVCAnimatedTransitioning */ = {
			isa = PBXNativeTarget;
			buildConfigurationList = D30AAE9E1DD55BF800627D68 /* Build configuration list for PBXNativeTarget "CustomVCAnimatedTransitioning" */;
			buildPhases = (
				D30AAE881DD55BF800627D68 /* Sources */,
				D30AAE891DD55BF800627D68 /* Frameworks */,
				D30AAE8A1DD55BF800627D68 /* Resources */,
			);
			buildRules = (
			);
			dependencies = (
			);
			name = CustomVCAnimatedTransitioning;
			productName = CustomVCAnimatedTransitioning;
			productReference = D30AAE8C1DD55BF800627D68 /* CustomVCAnimatedTransitioning.app */;
			productType = "com.apple.product-type.application";
		};
/* End PBXNativeTarget section */

/* Begin PBXProject section */
		D30AAE841DD55BF800627D68 /* Project object */ = {
			isa = PBXProject;
			attributes = {
				LastSwiftUpdateCheck = 0810;
				LastUpgradeCheck = 0810;
				ORGANIZATIONNAME = "Bevis Chen";
				TargetAttributes = {
					D30AAE8B1DD55BF800627D68 = {
						CreatedOnToolsVersion = 8.1;
						DevelopmentTeam = B62P32L56E;
						ProvisioningStyle = Automatic;
					};
				};
			};
			buildConfigurationList = D30AAE871DD55BF800627D68 /* Build configuration list for PBXProject "CustomVCAnimatedTransitioning" */;
			compatibilityVersion = "Xcode 3.2";
			developmentRegion = English;
			hasScannedForEncodings = 0;
			knownRegions = (
				en,
				Base,
			);
			mainGroup = D30AAE831DD55BF800627D68;
			productRefGroup = D30AAE8D1DD55BF800627D68 /* Products */;
			projectDirPath = "";
			projectRoot = "";
			targets = (
				D30AAE8B1DD55BF800627D68 /* CustomVCAnimatedTransitioning */,
			);
		};
/* End PBXProject section */

/* Begin PBXResourcesBuildPhase section */
		D30AAE8A1DD55BF800627D68 /* Resources */ = {
			isa = PBXResourcesBuildPhase;
			buildActionMask = 2147483647;
			files = (
				D30AAE9A1DD55BF800627D68 /* LaunchScreen.storyboard in Resources */,
				D30AAE971DD55BF800627D68 /* Assets.xcassets in Resources */,
				D30AAE951DD55BF800627D68 /* Main.storyboard in Resources */,
			);
			runOnlyForDeploymentPostprocessing = 0;
		};
/* End PBXResourcesBuildPhase section */

/* Begin PBXSourcesBuildPhase section */
		D30AAE881DD55BF800627D68 /* Sources */ = {
			isa = PBXSourcesBuildPhase;
			buildActionMask = 2147483647;
			files = (
				D30AAE921DD55BF800627D68 /* ViewController.swift in Sources */,
				D30AAEA41DD56B2E00627D68 /* CustomPresentAnimationController.swift in Sources */,
				D30AAE901DD55BF800627D68 /* AppDelegate.swift in Sources */,
				D30AAEA21DD55C2600627D68 /* ViewController2.swift in Sources */,
			);
			runOnlyForDeploymentPostprocessing = 0;
		};
/* End PBXSourcesBuildPhase section */

/* Begin PBXVariantGroup section */
		D30AAE931DD55BF800627D68 /* Main.storyboard */ = {
			isa = PBXVariantGroup;
			children = (
				D30AAE941DD55BF800627D68 /* Base */,
			);
			name = Main.storyboard;
			sourceTree = "<group>";
		};
		D30AAE981DD55BF800627D68 /* LaunchScreen.storyboard */ = {
			isa = PBXVariantGroup;
			children = (
				D30AAE991DD55BF800627D68 /* Base */,
			);
			name = LaunchScreen.storyboard;
			sourceTree = "<group>";
		};
/* End PBXVariantGroup section */

/* Begin XCBuildConfiguration section */
		D30AAE9C1DD55BF800627D68 /* Debug */ = {
			isa = XCBuildConfiguration;
			buildSettings = {
				ALWAYS_SEARCH_USER_PATHS = NO;
				CLANG_ANALYZER_NONNULL = YES;
				CLANG_CXX_LANGUAGE_STANDARD = "gnu++0x";
				CLANG_CXX_LIBRARY = "libc++";
				CLANG_ENABLE_MODULES = YES;
				CLANG_ENABLE_OBJC_ARC = YES;
				CLANG_WARN_BOOL_CONVERSION = YES;
				CLANG_WARN_CONSTANT_CONVERSION = YES;
				CLANG_WARN_DIRECT_OBJC_ISA_USAGE = YES_ERROR;
				CLANG_WARN_DOCUMENTATION_COMMENTS = YES;
				CLANG_WARN_EMPTY_BODY = YES;
				CLANG_WARN_ENUM_CONVERSION = YES;
				CLANG_WARN_INFINITE_RECURSION = YES;
				CLANG_WARN_INT_CONVERSION = YES;
				CLANG_WARN_OBJC_ROOT_CLASS = YES_ERROR;
				CLANG_WARN_SUSPICIOUS_MOVES = YES;
				CLANG_WARN_UNREACHABLE_CODE = YES;
				CLANG_WARN__DUPLICATE_METHOD_MATCH = YES;
				"CODE_SIGN_IDENTITY[sdk=iphoneos*]" = "iPhone Developer";
				COPY_PHASE_STRIP = NO;
				DEBUG_INFORMATION_FORMAT = dwarf;
				ENABLE_STRICT_OBJC_MSGSEND = YES;
				ENABLE_TESTABILITY = YES;
				GCC_C_LANGUAGE_STANDARD = gnu99;
				GCC_DYNAMIC_NO_PIC = NO;
				GCC_NO_COMMON_BLOCKS = YES;
				GCC_OPTIMIZATION_LEVEL = 0;
				GCC_PREPROCESSOR_DEFINITIONS = (
					"DEBUG=1",
					"$(inherited)",
				);
				GCC_WARN_64_TO_32_BIT_CONVERSION = YES;
				GCC_WARN_ABOUT_RETURN_TYPE = YES_ERROR;
				GCC_WARN_UNDECLARED_SELECTOR = YES;
				GCC_WARN_UNINITIALIZED_AUTOS = YES_AGGRESSIVE;
				GCC_WARN_UNUSED_FUNCTION = YES;
				GCC_WARN_UNUSED_VARIABLE = YES;
				IPHONEOS_DEPLOYMENT_TARGET = 10.1;
				MTL_ENABLE_DEBUG_INFO = YES;
				ONLY_ACTIVE_ARCH = YES;
				SDKROOT = iphoneos;
				SWIFT_ACTIVE_COMPILATION_CONDITIONS = DEBUG;
				SWIFT_OPTIMIZATION_LEVEL = "-Onone";
				TARGETED_DEVICE_FAMILY = "1,2";
			};
			name = Debug;
		};
		D30AAE9D1DD55BF800627D68 /* Release */ = {
			isa = XCBuildConfiguration;
			buildSettings = {
				ALWAYS_SEARCH_USER_PATHS = NO;
				CLANG_ANALYZER_NONNULL = YES;
				CLANG_CXX_LANGUAGE_STANDARD = "gnu++0x";
				CLANG_CXX_LIBRARY = "libc++";
				CLANG_ENABLE_MODULES = YES;
				CLANG_ENABLE_OBJC_ARC = YES;
				CLANG_WARN_BOOL_CONVERSION = YES;
				CLANG_WARN_CONSTANT_CONVERSION = YES;
				CLANG_WARN_DIRECT_OBJC_ISA_USAGE = YES_ERROR;
				CLANG_WARN_DOCUMENTATION_COMMENTS = YES;
				CLANG_WARN_EMPTY_BODY = YES;
				CLANG_WARN_ENUM_CONVERSION = YES;
				CLANG_WARN_INFINITE_RECURSION = YES;
				CLANG_WARN_INT_CONVERSION = YES;
				CLANG_WARN_OBJC_ROOT_CLASS = YES_ERROR;
				CLANG_WARN_SUSPICIOUS_MOVES = YES;
				CLANG_WARN_UNREACHABLE_CODE = YES;
				CLANG_WARN__DUPLICATE_METHOD_MATCH = YES;
				"CODE_SIGN_IDENTITY[sdk=iphoneos*]" = "iPhone Developer";
				COPY_PHASE_STRIP = NO;
				DEBUG_INFORMATION_FORMAT = "dwarf-with-dsym";
				ENABLE_NS_ASSERTIONS = NO;
				ENABLE_STRICT_OBJC_MSGSEND = YES;
				GCC_C_LANGUAGE_STANDARD = gnu99;
				GCC_NO_COMMON_BLOCKS = YES;
				GCC_WARN_64_TO_32_BIT_CONVERSION = YES;
				GCC_WARN_ABOUT_RETURN_TYPE = YES_ERROR;
				GCC_WARN_UNDECLARED_SELECTOR = YES;
				GCC_WARN_UNINITIALIZED_AUTOS = YES_AGGRESSIVE;
				GCC_WARN_UNUSED_FUNCTION = YES;
				GCC_WARN_UNUSED_VARIABLE = YES;
				IPHONEOS_DEPLOYMENT_TARGET = 10.1;
				MTL_ENABLE_DEBUG_INFO = NO;
				SDKROOT = iphoneos;
				SWIFT_OPTIMIZATION_LEVEL = "-Owholemodule";
				TARGETED_DEVICE_FAMILY = "1,2";
				VALIDATE_PRODUCT = YES;
			};
			name = Release;
		};
		D30AAE9F1DD55BF800627D68 /* Debug */ = {
			isa = XCBuildConfiguration;
			buildSettings = {
				ASSETCATALOG_COMPILER_APPICON_NAME = AppIcon;
				DEVELOPMENT_TEAM = B62P32L56E;
				INFOPLIST_FILE = CustomVCAnimatedTransitioning/Info.plist;
				LD_RUNPATH_SEARCH_PATHS = "$(inherited) @executable_path/Frameworks";
				PRODUCT_BUNDLE_IDENTIFIER = com.bevis.CustomVCAnimatedTransitioning;
				PRODUCT_NAME = "$(TARGET_NAME)";
				SWIFT_VERSION = 3.0;
			};
			name = Debug;
		};
		D30AAEA01DD55BF800627D68 /* Release */ = {
			isa = XCBuildConfiguration;
			buildSettings = {
				ASSETCATALOG_COMPILER_APPICON_NAME = AppIcon;
				DEVELOPMENT_TEAM = B62P32L56E;
				INFOPLIST_FILE = CustomVCAnimatedTransitioning/Info.plist;
				LD_RUNPATH_SEARCH_PATHS = "$(inherited) @executable_path/Frameworks";
				PRODUCT_BUNDLE_IDENTIFIER = com.bevis.CustomVCAnimatedTransitioning;
				PRODUCT_NAME = "$(TARGET_NAME)";
				SWIFT_VERSION = 3.0;
			};
			name = Release;
		};
/* End XCBuildConfiguration section */

/* Begin XCConfigurationList section */
		D30AAE871DD55BF800627D68 /* Build configuration list for PBXProject "CustomVCAnimatedTransitioning" */ = {
			isa = XCConfigurationList;
			buildConfigurations = (
				D30AAE9C1DD55BF800627D68 /* Debug */,
				D30AAE9D1DD55BF800627D68 /* Release */,
			);
			defaultConfigurationIsVisible = 0;
			defaultConfigurationName = Release;
		};
		D30AAE9E1DD55BF800627D68 /* Build configuration list for PBXNativeTarget "CustomVCAnimatedTransitioning" */ = {
			isa = XCConfigurationList;
			buildConfigurations = (
				D30AAE9F1DD55BF800627D68 /* Debug */,
				D30AAEA01DD55BF800627D68 /* Release */,
			);
			defaultConfigurationIsVisible = 0;
		};
/* End XCConfigurationList section */
	};
	rootObject = D30AAE841DD55BF800627D68 /* Project object */;
}
